PODS:
  - Alamofire (4.9.1)
  - Alertift (4.2.0)
  - baseapp-ios-core-v1 (0.5.4):
    - baseapp-ios-core-v1/Default (= 0.5.4)
  - baseapp-ios-core-v1/ARKit (0.5.4):
    - baseapp-ios-core-v1/Default
    - baseapp-ios-core-v1/SceneKit
    - baseapp-ios-core-v1/simd
  - baseapp-ios-core-v1/Default (0.5.4):
    - Alamofire (~> 4.9.1)
    - Alertift (~> 4.2.0)
    - CancelForPromiseKit (~> 1.1.0)
    - CancelForPromiseKit/Alamofire
    - CoreStore (~> 9.3.0)
    - DeviceKit
    - Kingfisher (~> 8.6.2)
    - PromiseKit (~> 6.18.1)
    - R.swift (~> 7.8.0)
    - RxCocoa (~> 6.9.0)
    - RxSwift (~> 6.9.0)
    - RxSwiftExt (~> 6.2.1)
    - SnapKit (~> 5.7.1)
    - SwiftDate (~> 7.0.0)
    - SwiftyBeaver (~> 2.1.1)
  - baseapp-ios-core-v1/FilePreviewer (0.5.4):
    - baseapp-ios-core-v1/Default
  - baseapp-ios-core-v1/SceneKit (0.5.4):
    - baseapp-ios-core-v1/Default
    - baseapp-ios-core-v1/simd
  - baseapp-ios-core-v1/simd (0.5.4):
    - baseapp-ios-core-v1/Default
  - CancelForPromiseKit (1.1.0):
    - CancelForPromiseKit/CorePromise (= 1.1.0)
    - CancelForPromiseKit/Foundation (= 1.1.0)
  - CancelForPromiseKit/Alamofire (1.1.0):
    - Alamofire (~> 4.0)
    - CancelForPromiseKit/CorePromise
    - PromiseKit/Alamofire (~> 6.0)
  - CancelForPromiseKit/CorePromise (1.1.0):
    - PromiseKit/CorePromise (~> 6.0)
  - CancelForPromiseKit/Foundation (1.1.0):
    - CancelForPromiseKit/CorePromise
    - PromiseKit/Foundation (~> 6.0)
  - CoreStore (9.3.0)
  - DeviceKit (5.5.0)
  - Kingfisher (8.6.2)
  - PromiseKit (6.18.1):
    - PromiseKit/CorePromise (= 6.18.1)
    - PromiseKit/Foundation (= 6.18.1)
    - PromiseKit/UIKit (= 6.18.1)
  - PromiseKit/Alamofire (6.18.1):
    - Alamofire (~> 4.0)
    - PromiseKit/CorePromise
  - PromiseKit/CorePromise (6.18.1)
  - PromiseKit/Foundation (6.18.1):
    - PromiseKit/CorePromise
  - PromiseKit/UIKit (6.18.1):
    - PromiseKit/CorePromise
  - R.swift (7.8.0)
  - RxCocoa (6.9.0):
    - RxRelay (= 6.9.0)
    - RxSwift (= 6.9.0)
  - RxRelay (6.9.0):
    - RxSwift (= 6.9.0)
  - RxSwift (6.9.0)
  - RxSwiftExt (6.2.1):
    - RxSwiftExt/Core (= 6.2.1)
    - RxSwiftExt/RxCocoa (= 6.2.1)
  - RxSwiftExt/Core (6.2.1):
    - RxSwift (~> 6.0)
  - RxSwiftExt/RxCocoa (6.2.1):
    - RxCocoa (~> 6.0)
    - RxSwiftExt/Core
  - SnapKit (5.7.1)
  - SwiftDate (7.0.0)
  - SwiftLint (0.62.2)
  - SwiftyBeaver (2.1.1)

DEPENDENCIES:
  - baseapp-ios-core-v1 (from `../`)
  - baseapp-ios-core-v1/ARKit (from `../`)
  - baseapp-ios-core-v1/FilePreviewer (from `../`)
  - SwiftLint (~> 0.62.2)

SPEC REPOS:
  https://github.com/CocoaPods/Specs.git:
    - Alamofire
    - Alertift
    - CancelForPromiseKit
    - CoreStore
    - DeviceKit
    - Kingfisher
    - PromiseKit
    - R.swift
    - RxCocoa
    - RxRelay
    - RxSwift
    - RxSwiftExt
    - SnapKit
    - SwiftDate
    - SwiftLint
    - SwiftyBeaver

EXTERNAL SOURCES:
  baseapp-ios-core-v1:
    :path: "../"

SPEC CHECKSUMS:
  Alamofire: 85e8a02c69d6020a0d734f6054870d7ecb75cf18
  Alertift: 17b37be915cd28edeceabd438e4134d041ea825c
  baseapp-ios-core-v1: 91d0305755a58079ac2e9b1a77b54acc0ab02966
  CancelForPromiseKit: 753c8798c31519ab324dad33974b7f8e4a92257b
  CoreStore: c3bc082a6e27b99e64c0ee1575f18d69b39a7dc2
  DeviceKit: d83e38ca196a4ebf0cc5f37d6f0316a24b794d5b
  Kingfisher: 23d18f54677d973b713e54ce6a8f5eef6e7056ba
  PromiseKit: 49d70c53d5d20e346beaea4b276b5dd2ab446bb4
  R.swift: f573269ca45b2ab066c082e363dd4c2b297b0d71
  RxCocoa: ac16414696ae706516be3e1ab00fcce5bdc9be8a
  RxRelay: 6b0c930e5cef57d5fe2032571e5e65b78e3cbdb1
  RxSwift: 31649ace6aceeb422e16ff71c60804f9c3281ed9
  RxSwiftExt: 43aaacb6a4d3c69c55e9d1cf4f79920043d13583
  SnapKit: d612e99e678a2d3b95bf60b0705ed0a35c03484a
  SwiftDate: bbc26e26fc8c0c33fbee8c140c5e8a68293a148a
  SwiftLint: f84fc7d844e9cde0dc4f5013af608a269e317aba
  SwiftyBeaver: ade157e4f857812e7d7f15f2e3396bb8733f8a1c

PODFILE CHECKSUM: 203840d46350c4b46b1da0581129bda83fe5d09a

COCOAPODS: 1.14.3
